
Microsoft Visual Studio Solution File, Format Version 12.00
# Visual Studio 14
VisualStudioVersion = 14.0.25420.1
MinimumVisualStudioVersion = 10.0.40219.1
Project("{FAE04EC0-301F-11D3-BF4B-00C04F79EFBC}") = "AnkuluaCropPic", "AnkuluaCropPic\AnkuluaCropPic.csproj", "{DCDD4E62-AF21-4F1B-8846-D8DAD6D9F912}"
EndProject
Global
	GlobalSection(SolutionConfigurationPlatforms) = preSolution
		Debug|Any CPU = Debug|Any CPU
		Release|Any CPU = Release|Any CPU
	EndGlobalSection
	GlobalSection(ProjectConfigurationPlatforms) = postSolution
		{DCDD4E62-AF21-4F1B-8846-D8DAD6D9F912}.Debug|Any CPU.ActiveCfg = Debug|Any CPU
		{DCDD4E62-AF21-4F1B-8846-D8DAD6D9F912}.Debug|Any CPU.Build.0 = Debug|Any CPU
		{DCDD4E62-AF21-4F1B-8846-D8DAD6D9F912}.Release|Any CPU.ActiveCfg = Release|Any CPU
		{DCDD4E62-AF21-4F1B-8846-D8DAD6D9F912}.Release|Any CPU.Build.0 = Release|Any CPU
	EndGlobalSection
	GlobalSection(SolutionProperties) = preSolution
		HideSolutionNode = FALSE
	EndGlobalSection
EndGlobal
